
Microsoft Visual Studio Solution File, Format Version 12.00
# Visual Studio Version 17
VisualStudioVersion = 17.5.002.0
MinimumVisualStudioVersion = 10.0.40219.1
Project("{9A19103F-16F7-4668-BE54-9A1E7A4F7556}") = "GameStore.Api", "GameStore.Api.csproj", "{1C4D1B71-D61D-4579-AF1A-D2C34F67C224}"
EndProject
Global
	GlobalSection(SolutionConfigurationPlatforms) = preSolution
		Debug|Any CPU = Debug|Any CPU
		Release|Any CPU = Release|Any CPU
	EndGlobalSection
	GlobalSection(ProjectConfigurationPlatforms) = postSolution
		{1C4D1B71-D61D-4579-AF1A-D2C34F67C224}.Debug|Any CPU.ActiveCfg = Debug|Any CPU
		{1C4D1B71-D61D-4579-AF1A-D2C34F67C224}.Debug|Any CPU.Build.0 = Debug|Any CPU
		{1C4D1B71-D61D-4579-AF1A-D2C34F67C224}.Release|Any CPU.ActiveCfg = Release|Any CPU
		{1C4D1B71-D61D-4579-AF1A-D2C34F67C224}.Release|Any CPU.Build.0 = Release|Any CPU
	EndGlobalSection
	GlobalSection(SolutionProperties) = preSolution
		HideSolutionNode = FALSE
	EndGlobalSection
	GlobalSection(ExtensibilityGlobals) = postSolution
		SolutionGuid = {D31B9201-F28E-4F58-9D74-685C1794B09F}
	EndGlobalSection
EndGlobal
